{
  "name": "discord-jobs",
  "version": "1.0.0",
  "lockfileVersion": 3,
  "requires": true,
  "packages": {
    "": {
      "name": "discord-jobs",
      "version": "1.0.0",
      "license": "ISC",
      "dependencies": {
        "cron": "^3.1.7",
        "dotenv": "^16.4.5"
      }
    },
    "node_modules/@types/luxon": {
      "version": "3.4.2",
      "resolved": "https://registry.npmjs.org/@types/luxon/-/luxon-3.4.2.tgz",
      "integrity": "sha512-TifLZlFudklWlMBfhubvgqTXRzLDI5pCbGa4P8a3wPyUQSW+1xQ5eDsreP9DWHX3tjq1ke96uYG/nwundroWcA=="
    },
    "node_modules/cron": {
      "version": "3.1.7",
      "resolved": "https://registry.npmjs.org/cron/-/cron-3.1.7.tgz",
      "integrity": "sha512-tlBg7ARsAMQLzgwqVxy8AZl/qlTc5nibqYwtNGoCrd+cV+ugI+tvZC1oT/8dFH8W455YrywGykx/KMmAqOr7Jw==",
      "dependencies": {
        "@types/luxon": "~3.4.0",
        "luxon": "~3.4.0"
      }
    },
    "node_modules/dotenv": {
      "version": "16.4.5",
      "resolved": "https://registry.npmjs.org/dotenv/-/dotenv-16.4.5.tgz",
      "integrity": "sha512-ZmdL2rui+eB2YwhsWzjInR8LldtZHGDoQ1ugH85ppHKwpUHL7j7rN0Ti9NCnGiQbhaZ11FpR+7ao1dNsmduNUg==",
      "engines": {
        "node": ">=12"
      },
      "funding": {
        "url": "https://dotenvx.com"
      }
    },
    "node_modules/luxon": {
      "version": "3.4.4",
      "resolved": "https://registry.npmjs.org/luxon/-/luxon-3.4.4.tgz",
      "integrity": "sha512-zobTr7akeGHnv7eBOXcRgMeCP6+uyYsczwmeRCauvpvaAltgNyTbLH/+VaEAPUeWBT+1GuNmz4wC/6jtQzbbVA==",
      "engines": {
        "node": ">=12"
      }
    }
  }
}
